Microsoft Visual Studio Solution File, Format Version 12.00
# Visual Studio Version 17
VisualStudioVersion = 17.5.2.0
MinimumVisualStudioVersion = 10.0.40219.1
Project("{FAE04EC0-301F-11D3-BF4B-00C04F79EFBC}") = "ConsumerAPI", "ConsumerAPI.csproj", "{69141CE7-825C-ED74-CC13-1AB2E81F0744}"
EndProject
Global
	GlobalSection(SolutionConfigurationPlatforms) = preSolution
		Debug|Any CPU = Debug|Any CPU
		Release|Any CPU = Release|Any CPU
	EndGlobalSection
	GlobalSection(ProjectConfigurationPlatforms) = postSolution
		{69141CE7-825C-ED74-CC13-1AB2E81F0744}.Debug|Any CPU.ActiveCfg = Debug|Any CPU
		{69141CE7-825C-ED74-CC13-1AB2E81F0744}.Debug|Any CPU.Build.0 = Debug|Any CPU
		{69141CE7-825C-ED74-CC13-1AB2E81F0744}.Release|Any CPU.ActiveCfg = Release|Any CPU
		{69141CE7-825C-ED74-CC13-1AB2E81F0744}.Release|Any CPU.Build.0 = Release|Any CPU
	EndGlobalSection
	GlobalSection(SolutionProperties) = preSolution
		HideSolutionNode = FALSE
	EndGlobalSection
	GlobalSection(ExtensibilityGlobals) = postSolution
		SolutionGuid = {2B0F119B-7511-48F3-A047-0FF6C0975551}
	EndGlobalSection
EndGlobal
